
Microsoft Visual Studio Solution File, Format Version 12.00
# Visual Studio Version 17
VisualStudioVersion = 17.3.32922.545
MinimumVisualStudioVersion = 10.0.40219.1
Project("{FAE04EC0-301F-11D3-BF4B-00C04F79EFBC}") = "Serdiuk.Cloud.Api", "Serdiuk.Cloud.Api\Serdiuk.Cloud.Api.csproj", "{D1819642-4D1C-4073-9A81-98BB2407AA88}"
EndProject
Global
	GlobalSection(SolutionConfigurationPlatforms) = preSolution
		Debug|Any CPU = Debug|Any CPU
		Release|Any CPU = Release|Any CPU
	EndGlobalSection
	GlobalSection(ProjectConfigurationPlatforms) = postSolution
		{D1819642-4D1C-4073-9A81-98BB2407AA88}.Debug|Any CPU.ActiveCfg = Debug|Any CPU
		{D1819642-4D1C-4073-9A81-98BB2407AA88}.Debug|Any CPU.Build.0 = Debug|Any CPU
		{D1819642-4D1C-4073-9A81-98BB2407AA88}.Release|Any CPU.ActiveCfg = Release|Any CPU
		{D1819642-4D1C-4073-9A81-98BB2407AA88}.Release|Any CPU.Build.0 = Release|Any CPU
	EndGlobalSection
	GlobalSection(SolutionProperties) = preSolution
		HideSolutionNode = FALSE
	EndGlobalSection
	GlobalSection(ExtensibilityGlobals) = postSolution
		SolutionGuid = {7B190869-9879-41B2-8580-811EE3EF11E6}
	EndGlobalSection
EndGlobal
